
Microsoft Visual Studio Solution File, Format Version 11.00
# Visual Studio 2010
Project("{FAE04EC0-301F-11D3-BF4B-00C04F79EFBC}") = "IKON test app", "IKON test app\IKON test app.csproj", "{67F84DD4-FF87-4322-A1A7-BFE685B467D5}"
EndProject
Project("{FAE04EC0-301F-11D3-BF4B-00C04F79EFBC}") = "Ikston Unit Tests", "Ikston Unit Tests\Ikston Unit Tests.csproj", "{28DF8B06-A426-4407-997B-E4D8684BFEF7}"
EndProject
Project("{2150E333-8FDC-42A3-9474-1A3956D46DE8}") = "Solution Items", "Solution Items", "{C88B1AB0-9C80-4820-B1D3-580F10D7D759}"
EndProject
Project("{FAE04EC0-301F-11D3-BF4B-00C04F79EFBC}") = "Ikadn", "IKADN\Ikadn.csproj", "{6F9B8B29-4ACF-4C44-B6E2-1146912E94A0}"
EndProject
Project("{FAE04EC0-301F-11D3-BF4B-00C04F79EFBC}") = "Ikadn.Ikon", "IKADN.IKON\Ikadn.Ikon.csproj", "{55998E01-1EE7-408D-9149-3A0DA2302381}"
EndProject
Global
	GlobalSection(SolutionConfigurationPlatforms) = preSolution
		Debug|Any CPU = Debug|Any CPU
		Debug|Mixed Platforms = Debug|Mixed Platforms
		Debug|x86 = Debug|x86
		Release|Any CPU = Release|Any CPU
		Release|Mixed Platforms = Release|Mixed Platforms
		Release|x86 = Release|x86
	EndGlobalSection
	GlobalSection(ProjectConfigurationPlatforms) = postSolution
		{67F84DD4-FF87-4322-A1A7-BFE685B467D5}.Debug|Any CPU.ActiveCfg = Debug|x86
		{67F84DD4-FF87-4322-A1A7-BFE685B467D5}.Debug|Any CPU.Build.0 = Debug|x86
		{67F84DD4-FF87-4322-A1A7-BFE685B467D5}.Debug|Mixed Platforms.ActiveCfg = Debug|x86
		{67F84DD4-FF87-4322-A1A7-BFE685B467D5}.Debug|Mixed Platforms.Build.0 = Debug|x86
		{67F84DD4-FF87-4322-A1A7-BFE685B467D5}.Debug|x86.ActiveCfg = Debug|x86
		{67F84DD4-FF87-4322-A1A7-BFE685B467D5}.Debug|x86.Build.0 = Debug|x86
		{67F84DD4-FF87-4322-A1A7-BFE685B467D5}.Release|Any CPU.ActiveCfg = Release|x86
		{67F84DD4-FF87-4322-A1A7-BFE685B467D5}.Release|Mixed Platforms.ActiveCfg = Release|x86
		{67F84DD4-FF87-4322-A1A7-BFE685B467D5}.Release|Mixed Platforms.Build.0 = Release|x86
		{67F84DD4-FF87-4322-A1A7-BFE685B467D5}.Release|x86.ActiveCfg = Release|x86
		{67F84DD4-FF87-4322-A1A7-BFE685B467D5}.Release|x86.Build.0 = Release|x86
		{28DF8B06-A426-4407-997B-E4D8684BFEF7}.Debug|Any CPU.ActiveCfg = Debug|Any CPU
		{28DF8B06-A426-4407-997B-E4D8684BFEF7}.Debug|Any CPU.Build.0 = Debug|Any CPU
		{28DF8B06-A426-4407-997B-E4D8684BFEF7}.Debug|Mixed Platforms.ActiveCfg = Debug|Any CPU
		{28DF8B06-A426-4407-997B-E4D8684BFEF7}.Debug|Mixed Platforms.Build.0 = Debug|Any CPU
		{28DF8B06-A426-4407-997B-E4D8684BFEF7}.Debug|x86.ActiveCfg = Debug|Any CPU
		{28DF8B06-A426-4407-997B-E4D8684BFEF7}.Release|Any CPU.ActiveCfg = Release|Any CPU
		{28DF8B06-A426-4407-997B-E4D8684BFEF7}.Release|Any CPU.Build.0 = Release|Any CPU
		{28DF8B06-A426-4407-997B-E4D8684BFEF7}.Release|Mixed Platforms.ActiveCfg = Release|Any CPU
		{28DF8B06-A426-4407-997B-E4D8684BFEF7}.Release|Mixed Platforms.Build.0 = Release|Any CPU
		{28DF8B06-A426-4407-997B-E4D8684BFEF7}.Release|x86.ActiveCfg = Release|Any CPU
		{6F9B8B29-4ACF-4C44-B6E2-1146912E94A0}.Debug|Any CPU.ActiveCfg = Debug|Any CPU
		{6F9B8B29-4ACF-4C44-B6E2-1146912E94A0}.Debug|Any CPU.Build.0 = Debug|Any CPU
		{6F9B8B29-4ACF-4C44-B6E2-1146912E94A0}.Debug|Mixed Platforms.ActiveCfg = Debug|Any CPU
		{6F9B8B29-4ACF-4C44-B6E2-1146912E94A0}.Debug|Mixed Platforms.Build.0 = Debug|Any CPU
		{6F9B8B29-4ACF-4C44-B6E2-1146912E94A0}.Debug|x86.ActiveCfg = Debug|Any CPU
		{6F9B8B29-4ACF-4C44-B6E2-1146912E94A0}.Release|Any CPU.ActiveCfg = Release|Any CPU
		{6F9B8B29-4ACF-4C44-B6E2-1146912E94A0}.Release|Any CPU.Build.0 = Release|Any CPU
		{6F9B8B29-4ACF-4C44-B6E2-1146912E94A0}.Release|Mixed Platforms.ActiveCfg = Release|Any CPU
		{6F9B8B29-4ACF-4C44-B6E2-1146912E94A0}.Release|Mixed Platforms.Build.0 = Release|Any CPU
		{6F9B8B29-4ACF-4C44-B6E2-1146912E94A0}.Release|x86.ActiveCfg = Release|Any CPU
		{55998E01-1EE7-408D-9149-3A0DA2302381}.Debug|Any CPU.ActiveCfg = Debug|Any CPU
		{55998E01-1EE7-408D-9149-3A0DA2302381}.Debug|Any CPU.Build.0 = Debug|Any CPU
		{55998E01-1EE7-408D-9149-3A0DA2302381}.Debug|Mixed Platforms.ActiveCfg = Debug|Any CPU
		{55998E01-1EE7-408D-9149-3A0DA2302381}.Debug|Mixed Platforms.Build.0 = Debug|Any CPU
		{55998E01-1EE7-408D-9149-3A0DA2302381}.Debug|x86.ActiveCfg = Debug|Any CPU
		{55998E01-1EE7-408D-9149-3A0DA2302381}.Release|Any CPU.ActiveCfg = Release|Any CPU
		{55998E01-1EE7-408D-9149-3A0DA2302381}.Release|Any CPU.Build.0 = Release|Any CPU
		{55998E01-1EE7-408D-9149-3A0DA2302381}.Release|Mixed Platforms.ActiveCfg = Release|Any CPU
		{55998E01-1EE7-408D-9149-3A0DA2302381}.Release|Mixed Platforms.Build.0 = Release|Any CPU
		{55998E01-1EE7-408D-9149-3A0DA2302381}.Release|x86.ActiveCfg = Release|Any CPU
	EndGlobalSection
	GlobalSection(SolutionProperties) = preSolution
		HideSolutionNode = FALSE
	EndGlobalSection
EndGlobal
